
Microsoft Visual Studio Solution File, Format Version 12.00
# Visual Studio Version 17
VisualStudioVersion = 17.9.34616.47
MinimumVisualStudioVersion = 10.0.40219.1
Project("{FAE04EC0-301F-11D3-BF4B-00C04F79EFBC}") = "Tournament", "Tournament\Tournament.csproj", "{1E76011E-EABE-475C-8F57-401A712B8497}"
EndProject
Project("{FAE04EC0-301F-11D3-BF4B-00C04F79EFBC}") = "Tournament.DAL", "Tournament.DAL\Tournament.DAL.csproj", "{01E90E06-DDFD-4DB9-BE43-0EC1DFB05A4B}"
EndProject
Global
	GlobalSection(SolutionConfigurationPlatforms) = preSolution
		Debug|Any CPU = Debug|Any CPU
		Release|Any CPU = Release|Any CPU
	EndGlobalSection
	GlobalSection(ProjectConfigurationPlatforms) = postSolution
		{1E76011E-EABE-475C-8F57-401A712B8497}.Debug|Any CPU.ActiveCfg = Debug|Any CPU
		{1E76011E-EABE-475C-8F57-401A712B8497}.Debug|Any CPU.Build.0 = Debug|Any CPU
		{1E76011E-EABE-475C-8F57-401A712B8497}.Release|Any CPU.ActiveCfg = Release|Any CPU
		{1E76011E-EABE-475C-8F57-401A712B8497}.Release|Any CPU.Build.0 = Release|Any CPU
		{01E90E06-DDFD-4DB9-BE43-0EC1DFB05A4B}.Debug|Any CPU.ActiveCfg = Debug|Any CPU
		{01E90E06-DDFD-4DB9-BE43-0EC1DFB05A4B}.Debug|Any CPU.Build.0 = Debug|Any CPU
		{01E90E06-DDFD-4DB9-BE43-0EC1DFB05A4B}.Release|Any CPU.ActiveCfg = Release|Any CPU
		{01E90E06-DDFD-4DB9-BE43-0EC1DFB05A4B}.Release|Any CPU.Build.0 = Release|Any CPU
	EndGlobalSection
	GlobalSection(SolutionProperties) = preSolution
		HideSolutionNode = FALSE
	EndGlobalSection
	GlobalSection(ExtensibilityGlobals) = postSolution
		SolutionGuid = {7CB4A823-287B-43D2-A84F-FE5E7B55B86C}
	EndGlobalSection
EndGlobal
